
Microsoft Visual Studio Solution File, Format Version 12.00
# Visual Studio Version 17
VisualStudioVersion = 17.6.33815.320
MinimumVisualStudioVersion = 10.0.40219.1
Project("{FAE04EC0-301F-11D3-BF4B-00C04F79EFBC}") = "Main", "Main\Main.csproj", "{9439E202-B7F4-4C00-AA7F-A5A3908567E5}"
EndProject
Project("{FAE04EC0-301F-11D3-BF4B-00C04F79EFBC}") = "Logica", "Logica\Logica.csproj", "{4B627E99-F0F9-4CB8-B932-9DC6DCF2D975}"
EndProject
Global
	GlobalSection(SolutionConfigurationPlatforms) = preSolution
		Debug|Any CPU = Debug|Any CPU
		Release|Any CPU = Release|Any CPU
	EndGlobalSection
	GlobalSection(ProjectConfigurationPlatforms) = postSolution
		{9439E202-B7F4-4C00-AA7F-A5A3908567E5}.Debug|Any CPU.ActiveCfg = Debug|Any CPU
		{9439E202-B7F4-4C00-AA7F-A5A3908567E5}.Debug|Any CPU.Build.0 = Debug|Any CPU
		{9439E202-B7F4-4C00-AA7F-A5A3908567E5}.Release|Any CPU.ActiveCfg = Release|Any CPU
		{9439E202-B7F4-4C00-AA7F-A5A3908567E5}.Release|Any CPU.Build.0 = Release|Any CPU
		{4B627E99-F0F9-4CB8-B932-9DC6DCF2D975}.Debug|Any CPU.ActiveCfg = Debug|Any CPU
		{4B627E99-F0F9-4CB8-B932-9DC6DCF2D975}.Debug|Any CPU.Build.0 = Debug|Any CPU
		{4B627E99-F0F9-4CB8-B932-9DC6DCF2D975}.Release|Any CPU.ActiveCfg = Release|Any CPU
		{4B627E99-F0F9-4CB8-B932-9DC6DCF2D975}.Release|Any CPU.Build.0 = Release|Any CPU
	EndGlobalSection
	GlobalSection(SolutionProperties) = preSolution
		HideSolutionNode = FALSE
	EndGlobalSection
	GlobalSection(ExtensibilityGlobals) = postSolution
		SolutionGuid = {35E6EA26-F5AA-4AF3-958D-F96B62F5B63C}
	EndGlobalSection
EndGlobal
